// !$*UTF8*$!
{
	archiveVersion = 1;
	classes = {
	};
	objectVersion = 51;
	objects = {

/* Begin PBXBuildFile section */
		0AC8D592238BC6C6000D2E5D /* GoogleService-Info.plist in Resources */ = {isa = PBXBuildFile; fileRef = 0AC8D591238BC6C6000D2E5D /* GoogleService-Info.plist */; };
		157BB10AC7DE793B799716C7 /* Pods_QuickFin.framework in Frameworks */ = {isa = PBXBuildFile; fileRef = D64F2474D78493959330B838 /* Pods_QuickFin.framework */; };
		245D2CABFE2DE4EB6D45A1D6 /* Pods_QuickFinUITests.framework in Frameworks */ = {isa = PBXBuildFile; fileRef = 8568AC969BE75A987C428194 /* Pods_QuickFinUITests.framework */; };
		8376102487283190D6D1B6AF /* Pods_QuickFinTests.framework in Frameworks */ = {isa = PBXBuildFile; fileRef = 944AFC84E667E92EEE10DE04 /* Pods_QuickFinTests.framework */; };
		BF2E7AC123545FCB0048A201 /* GameViewController.swift in Sources */ = {isa = PBXBuildFile; fileRef = BF2E7AC023545FCB0048A201 /* GameViewController.swift */; };
		BF2E7AC7235466370048A201 /* StoreViewController.swift in Sources */ = {isa = PBXBuildFile; fileRef = BF2E7AC6235466370048A201 /* StoreViewController.swift */; };
		BF4EDAA42341DC7500E45E90 /* CacheService.swift in Sources */ = {isa = PBXBuildFile; fileRef = BF4EDAA32341DC7500E45E90 /* CacheService.swift */; };
		BF4EDAA62341E09800E45E90 /* ChapterStats.swift in Sources */ = {isa = PBXBuildFile; fileRef = BF4EDAA52341E09800E45E90 /* ChapterStats.swift */; };
		BF5A2E93237BEBB800C7EB87 /* AchievementMessageHandler.swift in Sources */ = {isa = PBXBuildFile; fileRef = BF5A2E92237BEBB800C7EB87 /* AchievementMessageHandler.swift */; };
		BF5A2E95237C8F4300C7EB87 /* UserShared.swift in Sources */ = {isa = PBXBuildFile; fileRef = BF5A2E94237C8F4300C7EB87 /* UserShared.swift */; };
		BFD5653D2339926B007ECD97 /* Chapter.swift in Sources */ = {isa = PBXBuildFile; fileRef = BFD5653B2339926B007ECD97 /* Chapter.swift */; };
		BFD5653E2339926B007ECD97 /* Question.swift in Sources */ = {isa = PBXBuildFile; fileRef = BFD5653C2339926B007ECD97 /* Question.swift */; };
		BFD565422339927C007ECD97 /* ChapterViewController.swift in Sources */ = {isa = PBXBuildFile; fileRef = BFD5653F2339927C007ECD97 /* ChapterViewController.swift */; };
		BFD565432339927C007ECD97 /* ProfileView.swift in Sources */ = {isa = PBXBuildFile; fileRef = BFD565402339927C007ECD97 /* ProfileView.swift */; };
		BFD565442339927C007ECD97 /* ProfileViewController.swift in Sources */ = {isa = PBXBuildFile; fileRef = BFD565412339927C007ECD97 /* ProfileViewController.swift */; };
		D505BA0823511B160025E975 /* Settings.bundle in Resources */ = {isa = PBXBuildFile; fileRef = D505BA0723511B160025E975 /* Settings.bundle */; };
		D505BA0A2351281A0025E975 /* SettingsViewController.swift in Sources */ = {isa = PBXBuildFile; fileRef = D505BA092351281A0025E975 /* SettingsViewController.swift */; };
		D505BA0C235128330025E975 /* SettingsView.swift in Sources */ = {isa = PBXBuildFile; fileRef = D505BA0B235128330025E975 /* SettingsView.swift */; };
		D505BA0E23512C2B0025E975 /* SettingsTableViewCell.swift in Sources */ = {isa = PBXBuildFile; fileRef = D505BA0D23512C2B0025E975 /* SettingsTableViewCell.swift */; };
		D505BA13235181080025E975 /* ChangePasswordViewController.swift in Sources */ = {isa = PBXBuildFile; fileRef = D505BA12235181080025E975 /* ChangePasswordViewController.swift */; };
		D52471D023401F3900922564 /* BaseNavigationController.swift in Sources */ = {isa = PBXBuildFile; fileRef = D52471CF23401F3900922564 /* BaseNavigationController.swift */; };
		D52471D223402B2400922564 /* Colors.swift in Sources */ = {isa = PBXBuildFile; fileRef = D52471D123402B2400922564 /* Colors.swift */; };
		D52471D4234150CA00922564 /* Images.xcassets in Resources */ = {isa = PBXBuildFile; fileRef = D52471D3234150CA00922564 /* Images.xcassets */; };
		D52471D823415A2D00922564 /* Images.swift in Sources */ = {isa = PBXBuildFile; fileRef = D52471D723415A2D00922564 /* Images.swift */; };
		D52471DA2341CC8900922564 /* AppDelegateExtension.swift in Sources */ = {isa = PBXBuildFile; fileRef = D52471D92341CC8900922564 /* AppDelegateExtension.swift */; };
		D5460A64237C687500BBE034 /* CustomTableViewCell.swift in Sources */ = {isa = PBXBuildFile; fileRef = D5460A63237C687500BBE034 /* CustomTableViewCell.swift */; };
		D5460A66237C687B00BBE034 /* LeaderboardViewController.swift in Sources */ = {isa = PBXBuildFile; fileRef = D5460A65237C687B00BBE034 /* LeaderboardViewController.swift */; };
		D5469B4823377AF20047D09D /* SignInDelegateProtocol.swift in Sources */ = {isa = PBXBuildFile; fileRef = D5469B4723377AF20047D09D /* SignInDelegateProtocol.swift */; };
		D5469B4A2338247F0047D09D /* Core.swift in Sources */ = {isa = PBXBuildFile; fileRef = D5469B492338247F0047D09D /* Core.swift */; };
		D5469B4F23398AC70047D09D /* User.swift in Sources */ = {isa = PBXBuildFile; fileRef = D5469B4E23398AC70047D09D /* User.swift */; };
		D5469B5123398E170047D09D /* FirestoreUserResponse.swift in Sources */ = {isa = PBXBuildFile; fileRef = D5469B5023398E170047D09D /* FirestoreUserResponse.swift */; };
		D570D5FE2333595900AB308B /* AppDelegate.swift in Sources */ = {isa = PBXBuildFile; fileRef = D570D5FD2333595900AB308B /* AppDelegate.swift */; };
		D570D6002333595900AB308B /* MainTabBarViewController.swift in Sources */ = {isa = PBXBuildFile; fileRef = D570D5FF2333595900AB308B /* MainTabBarViewController.swift */; };
		D570D6052333595B00AB308B /* Colors.xcassets in Resources */ = {isa = PBXBuildFile; fileRef = D570D6042333595B00AB308B /* Colors.xcassets */; };
		D570D6082333595B00AB308B /* LaunchScreen.storyboard in Resources */ = {isa = PBXBuildFile; fileRef = D570D6062333595B00AB308B /* LaunchScreen.storyboard */; };
		D570D6132333595B00AB308B /* QuickFinTests.swift in Sources */ = {isa = PBXBuildFile; fileRef = D570D6122333595B00AB308B /* QuickFinTests.swift */; };
		D570D61E2333595B00AB308B /* QuickFinUITests.swift in Sources */ = {isa = PBXBuildFile; fileRef = D570D61D2333595B00AB308B /* QuickFinUITests.swift */; };
		D570D630233368DD00AB308B /* FirebaseService.swift in Sources */ = {isa = PBXBuildFile; fileRef = D570D62F233368DD00AB308B /* FirebaseService.swift */; };
		D5711868237BDFCC005419D4 /* SignUpViewController.swift in Sources */ = {isa = PBXBuildFile; fileRef = D5711867237BDFCC005419D4 /* SignUpViewController.swift */; };
		D571186A237BE846005419D4 /* ForgotPasswordViewController.swift in Sources */ = {isa = PBXBuildFile; fileRef = D5711869237BE846005419D4 /* ForgotPasswordViewController.swift */; };
		D5726DF123546F170077BF95 /* GameView.swift in Sources */ = {isa = PBXBuildFile; fileRef = D5726DF023546F170077BF95 /* GameView.swift */; };
		D5726DF42354710D0077BF95 /* GameTableViewCell.swift in Sources */ = {isa = PBXBuildFile; fileRef = D5726DF32354710D0077BF95 /* GameTableViewCell.swift */; };
		D5737F76235ADE6300756298 /* ErrorMessageHandler.swift in Sources */ = {isa = PBXBuildFile; fileRef = D5737F75235ADE6300756298 /* ErrorMessageHandler.swift */; };
		D57ED5C3237E819500EC1E87 /* PrivacyNoticeViewController.swift in Sources */ = {isa = PBXBuildFile; fileRef = D57ED5C2237E819500EC1E87 /* PrivacyNoticeViewController.swift */; };
		D57ED5C6237E8C0300EC1E87 /* AboutViewController.swift in Sources */ = {isa = PBXBuildFile; fileRef = D57ED5C5237E8C0300EC1E87 /* AboutViewController.swift */; };
		D57ED5C8237E8CA200EC1E87 /* AboutTableViewCell.swift in Sources */ = {isa = PBXBuildFile; fileRef = D57ED5C7237E8CA200EC1E87 /* AboutTableViewCell.swift */; };
		D58CAE9823551190009639F5 /* ResultsViewController.swift in Sources */ = {isa = PBXBuildFile; fileRef = D58CAE9723551190009639F5 /* ResultsViewController.swift */; };
		D59FEA3D237F969D00C65A2F /* ApplicationSettingsViewController.swift in Sources */ = {isa = PBXBuildFile; fileRef = D59FEA3C237F969D00C65A2F /* ApplicationSettingsViewController.swift */; };
		D59FEA40237F9B1400C65A2F /* ChangeUsernameViewController.swift in Sources */ = {isa = PBXBuildFile; fileRef = D59FEA3F237F9B1400C65A2F /* ChangeUsernameViewController.swift */; };
		D59FEA42237F9BAC00C65A2F /* Extensions.swift in Sources */ = {isa = PBXBuildFile; fileRef = D59FEA41237F9BAC00C65A2F /* Extensions.swift */; };
		D59FEA45237FA07300C65A2F /* HintsViewController.swift in Sources */ = {isa = PBXBuildFile; fileRef = D59FEA44237FA07300C65A2F /* HintsViewController.swift */; };
		D59FEA47237FA14000C65A2F /* GenericToggleTableViewCell.swift in Sources */ = {isa = PBXBuildFile; fileRef = D59FEA46237FA14000C65A2F /* GenericToggleTableViewCell.swift */; };
		D59FEA4A237FA50800C65A2F /* NotificationsViewController.swift in Sources */ = {isa = PBXBuildFile; fileRef = D59FEA49237FA50800C65A2F /* NotificationsViewController.swift */; };
		D59FEA4D237FA6A000C65A2F /* LinkAccountsViewController.swift in Sources */ = {isa = PBXBuildFile; fileRef = D59FEA4C237FA6A000C65A2F /* LinkAccountsViewController.swift */; };
		D59FEA4F237FDF3B00C65A2F /* EmailLinkViewController.swift in Sources */ = {isa = PBXBuildFile; fileRef = D59FEA4E237FDF3B00C65A2F /* EmailLinkViewController.swift */; };
		D5BA98662367779B0099D528 /* StoreItem.swift in Sources */ = {isa = PBXBuildFile; fileRef = D5BA98652367779B0099D528 /* StoreItem.swift */; };
		D5BA986923677D180099D528 /* StoreTableView.swift in Sources */ = {isa = PBXBuildFile; fileRef = D5BA986823677D180099D528 /* StoreTableView.swift */; };
		D5BA986B23677D490099D528 /* StoreTableViewCell.swift in Sources */ = {isa = PBXBuildFile; fileRef = D5BA986A23677D490099D528 /* StoreTableViewCell.swift */; };
		D5BA986D23677FA30099D528 /* StoreItemDetailsViewController.swift in Sources */ = {isa = PBXBuildFile; fileRef = D5BA986C23677FA30099D528 /* StoreItemDetailsViewController.swift */; };
		D5BA986F23677FC70099D528 /* StoreItemDetailsView.swift in Sources */ = {isa = PBXBuildFile; fileRef = D5BA986E23677FC70099D528 /* StoreItemDetailsView.swift */; };
		D5EA30522337148800F56428 /* Localizable.strings in Resources */ = {isa = PBXBuildFile; fileRef = D5EA30542337148800F56428 /* Localizable.strings */; };
		D5EA30592337187100F56428 /* BaseViewController.swift in Sources */ = {isa = PBXBuildFile; fileRef = D5EA30582337187100F56428 /* BaseViewController.swift */; };
		D5EA305B23371D5600F56428 /* SignInViewController.swift in Sources */ = {isa = PBXBuildFile; fileRef = D5EA305A23371D5600F56428 /* SignInViewController.swift */; };
		D5EA305E23371E0700F56428 /* SignInView.swift in Sources */ = {isa = PBXBuildFile; fileRef = D5EA305D23371E0700F56428 /* SignInView.swift */; };
		D5EA3060233737C100F56428 /* FontSizes.swift in Sources */ = {isa = PBXBuildFile; fileRef = D5EA305F233737C100F56428 /* FontSizes.swift */; };
/* End PBXBuildFile section */

/* Begin PBXContainerItemProxy section */
		D570D60F2333595B00AB308B /* PBXContainerItemProxy */ = {
			isa = PBXContainerItemProxy;
			containerPortal = D570D5F22333595900AB308B /* Project object */;
			proxyType = 1;
			remoteGlobalIDString = D570D5F92333595900AB308B;
			remoteInfo = QuickFin;
		};
		D570D61A2333595B00AB308B /* PBXContainerItemProxy */ = {
			isa = PBXContainerItemProxy;
			containerPortal = D570D5F22333595900AB308B /* Project object */;
			proxyType = 1;
			remoteGlobalIDString = D570D5F92333595900AB308B;
			remoteInfo = QuickFin;
		};
/* End PBXContainerItemProxy section */

/* Begin PBXFileReference section */
		0AC8D591238BC6C6000D2E5D /* GoogleService-Info.plist */ = {isa = PBXFileReference; fileEncoding = 4; lastKnownFileType = text.plist.xml; path = "GoogleService-Info.plist"; sourceTree = "<group>"; };
		0AC8D593238BC763000D2E5D /* QuickFin.entitlements */ = {isa = PBXFileReference; lastKnownFileType = text.plist.entitlements; path = QuickFin.entitlements; sourceTree = "<group>"; };
		2FB4870078CC43E1B83CA653 /* Pods-QuickFinTests.release.xcconfig */ = {isa = PBXFileReference; includeInIndex = 1; lastKnownFileType = text.xcconfig; name = "Pods-QuickFinTests.release.xcconfig"; path = "Target Support Files/Pods-QuickFinTests/Pods-QuickFinTests.release.xcconfig"; sourceTree = "<group>"; };
		4E0925C2365C465B42E45760 /* Pods-QuickFinUITests.debug.xcconfig */ = {isa = PBXFileReference; includeInIndex = 1; lastKnownFileType = text.xcconfig; name = "Pods-QuickFinUITests.debug.xcconfig"; path = "Target Support Files/Pods-QuickFinUITests/Pods-QuickFinUITests.debug.xcconfig"; sourceTree = "<group>"; };
		8568AC969BE75A987C428194 /* Pods_QuickFinUITests.framework */ = {isa = PBXFileReference; explicitFileType = wrapper.framework; includeInIndex = 0; path = Pods_QuickFinUITests.framework; sourceTree = BUILT_PRODUCTS_DIR; };
		944AFC84E667E92EEE10DE04 /* Pods_QuickFinTests.framework */ = {isa = PBXFileReference; explicitFileType = wrapper.framework; includeInIndex = 0; path = Pods_QuickFinTests.framework; sourceTree = BUILT_PRODUCTS_DIR; };
		9C3D98F84E73D2396908D587 /* Pods-QuickFin.release.xcconfig */ = {isa = PBXFileReference; includeInIndex = 1; lastKnownFileType = text.xcconfig; name = "Pods-QuickFin.release.xcconfig"; path = "Target Support Files/Pods-QuickFin/Pods-QuickFin.release.xcconfig"; sourceTree = "<group>"; };
		AC9EEAF965A7BA4EDC7018A3 /* Pods-QuickFin.debug.xcconfig */ = {isa = PBXFileReference; includeInIndex = 1; lastKnownFileType = text.xcconfig; name = "Pods-QuickFin.debug.xcconfig"; path = "Target Support Files/Pods-QuickFin/Pods-QuickFin.debug.xcconfig"; sourceTree = "<group>"; };
		AF35D85A5A8EAD301D0E9451 /* Pods-QuickFinTests.debug.xcconfig */ = {isa = PBXFileReference; includeInIndex = 1; lastKnownFileType = text.xcconfig; name = "Pods-QuickFinTests.debug.xcconfig"; path = "Target Support Files/Pods-QuickFinTests/Pods-QuickFinTests.debug.xcconfig"; sourceTree = "<group>"; };
		BF2E7AC023545FCB0048A201 /* GameViewController.swift */ = {isa = PBXFileReference; lastKnownFileType = sourcecode.swift; path = GameViewController.swift; sourceTree = "<group>"; };
		BF2E7AC6235466370048A201 /* StoreViewController.swift */ = {isa = PBXFileReference; lastKnownFileType = sourcecode.swift; path = StoreViewController.swift; sourceTree = "<group>"; };
		BF4EDAA32341DC7500E45E90 /* CacheService.swift */ = {isa = PBXFileReference; lastKnownFileType = sourcecode.swift; path = CacheService.swift; sourceTree = "<group>"; };
		BF4EDAA52341E09800E45E90 /* ChapterStats.swift */ = {isa = PBXFileReference; lastKnownFileType = sourcecode.swift; path = ChapterStats.swift; sourceTree = "<group>"; };
		BF5A2E92237BEBB800C7EB87 /* AchievementMessageHandler.swift */ = {isa = PBXFileReference; lastKnownFileType = sourcecode.swift; path = AchievementMessageHandler.swift; sourceTree = "<group>"; };
		BF5A2E94237C8F4300C7EB87 /* UserShared.swift */ = {isa = PBXFileReference; lastKnownFileType = sourcecode.swift; path = UserShared.swift; sourceTree = "<group>"; };
		BFD5653B2339926B007ECD97 /* Chapter.swift */ = {isa = PBXFileReference; fileEncoding = 4; lastKnownFileType = sourcecode.swift; path = Chapter.swift; sourceTree = "<group>"; };
		BFD5653C2339926B007ECD97 /* Question.swift */ = {isa = PBXFileReference; fileEncoding = 4; lastKnownFileType = sourcecode.swift; path = Question.swift; sourceTree = "<group>"; };
		BFD5653F2339927C007ECD97 /* ChapterViewController.swift */ = {isa = PBXFileReference; fileEncoding = 4; lastKnownFileType = sourcecode.swift; path = ChapterViewController.swift; sourceTree = "<group>"; };
		BFD565402339927C007ECD97 /* ProfileView.swift */ = {isa = PBXFileReference; fileEncoding = 4; lastKnownFileType = sourcecode.swift; path = ProfileView.swift; sourceTree = "<group>"; };
		BFD565412339927C007ECD97 /* ProfileViewController.swift */ = {isa = PBXFileReference; fileEncoding = 4; lastKnownFileType = sourcecode.swift; path = ProfileViewController.swift; sourceTree = "<group>"; };
		D505BA0723511B160025E975 /* Settings.bundle */ = {isa = PBXFileReference; lastKnownFileType = "wrapper.plug-in"; path = Settings.bundle; sourceTree = "<group>"; };
		D505BA092351281A0025E975 /* SettingsViewController.swift */ = {isa = PBXFileReference; lastKnownFileType = sourcecode.swift; path = SettingsViewController.swift; sourceTree = "<group>"; };
		D505BA0B235128330025E975 /* SettingsView.swift */ = {isa = PBXFileReference; lastKnownFileType = sourcecode.swift; path = SettingsView.swift; sourceTree = "<group>"; };
		D505BA0D23512C2B0025E975 /* SettingsTableViewCell.swift */ = {isa = PBXFileReference; lastKnownFileType = sourcecode.swift; path = SettingsTableViewCell.swift; sourceTree = "<group>"; };
		D505BA12235181080025E975 /* ChangePasswordViewController.swift */ = {isa = PBXFileReference; lastKnownFileType = sourcecode.swift; path = ChangePasswordViewController.swift; sourceTree = "<group>"; };
		D52471CF23401F3900922564 /* BaseNavigationController.swift */ = {isa = PBXFileReference; lastKnownFileType = sourcecode.swift; path = BaseNavigationController.swift; sourceTree = "<group>"; };
		D52471D123402B2400922564 /* Colors.swift */ = {isa = PBXFileReference; lastKnownFileType = sourcecode.swift; path = Colors.swift; sourceTree = "<group>"; };
		D52471D3234150CA00922564 /* Images.xcassets */ = {isa = PBXFileReference; lastKnownFileType = folder.assetcatalog; path = Images.xcassets; sourceTree = "<group>"; };
		D52471D723415A2D00922564 /* Images.swift */ = {isa = PBXFileReference; lastKnownFileType = sourcecode.swift; path = Images.swift; sourceTree = "<group>"; };
		D52471D92341CC8900922564 /* AppDelegateExtension.swift */ = {isa = PBXFileReference; lastKnownFileType = sourcecode.swift; path = AppDelegateExtension.swift; sourceTree = "<group>"; };
		D5460A63237C687500BBE034 /* CustomTableViewCell.swift */ = {isa = PBXFileReference; fileEncoding = 4; lastKnownFileType = sourcecode.swift; path = CustomTableViewCell.swift; sourceTree = "<group>"; };
		D5460A65237C687B00BBE034 /* LeaderboardViewController.swift */ = {isa = PBXFileReference; fileEncoding = 4; lastKnownFileType = sourcecode.swift; path = LeaderboardViewController.swift; sourceTree = "<group>"; };
		D5469B4723377AF20047D09D /* SignInDelegateProtocol.swift */ = {isa = PBXFileReference; lastKnownFileType = sourcecode.swift; path = SignInDelegateProtocol.swift; sourceTree = "<group>"; };
		D5469B492338247F0047D09D /* Core.swift */ = {isa = PBXFileReference; lastKnownFileType = sourcecode.swift; path = Core.swift; sourceTree = "<group>"; };
		D5469B4E23398AC70047D09D /* User.swift */ = {isa = PBXFileReference; lastKnownFileType = sourcecode.swift; path = User.swift; sourceTree = "<group>"; };
		D5469B5023398E170047D09D /* FirestoreUserResponse.swift */ = {isa = PBXFileReference; lastKnownFileType = sourcecode.swift; path = FirestoreUserResponse.swift; sourceTree = "<group>"; };
		D570D5FA2333595900AB308B /* QuickFin.app */ = {isa = PBXFileReference; explicitFileType = wrapper.application; includeInIndex = 0; path = QuickFin.app; sourceTree = BUILT_PRODUCTS_DIR; };
		D570D5FD2333595900AB308B /* AppDelegate.swift */ = {isa = PBXFileReference; lastKnownFileType = sourcecode.swift; path = AppDelegate.swift; sourceTree = "<group>"; };
		D570D5FF2333595900AB308B /* MainTabBarViewController.swift */ = {isa = PBXFileReference; lastKnownFileType = sourcecode.swift; path = MainTabBarViewController.swift; sourceTree = "<group>"; };
		D570D6042333595B00AB308B /* Colors.xcassets */ = {isa = PBXFileReference; lastKnownFileType = folder.assetcatalog; path = Colors.xcassets; sourceTree = "<group>"; };
		D570D6072333595B00AB308B /* Base */ = {isa = PBXFileReference; lastKnownFileType = file.storyboard; name = Base; path = Base.lproj/LaunchScreen.storyboard; sourceTree = "<group>"; };
		D570D6092333595B00AB308B /* Info.plist */ = {isa = PBXFileReference; lastKnownFileType = text.plist.xml; path = Info.plist; sourceTree = "<group>"; };
		D570D60E2333595B00AB308B /* QuickFinTests.xctest */ = {isa = PBXFileReference; explicitFileType = wrapper.cfbundle; includeInIndex = 0; path = QuickFinTests.xctest; sourceTree = BUILT_PRODUCTS_DIR; };
		D570D6122333595B00AB308B /* QuickFinTests.swift */ = {isa = PBXFileReference; lastKnownFileType = sourcecode.swift; path = QuickFinTests.swift; sourceTree = "<group>"; };
		D570D6142333595B00AB308B /* Info.plist */ = {isa = PBXFileReference; lastKnownFileType = text.plist.xml; path = Info.plist; sourceTree = "<group>"; };
		D570D6192333595B00AB308B /* QuickFinUITests.xctest */ = {isa = PBXFileReference; explicitFileType = wrapper.cfbundle; includeInIndex = 0; path = QuickFinUITests.xctest; sourceTree = BUILT_PRODUCTS_DIR; };
		D570D61D2333595B00AB308B /* QuickFinUITests.swift */ = {isa = PBXFileReference; lastKnownFileType = sourcecode.swift; path = QuickFinUITests.swift; sourceTree = "<group>"; };
		D570D61F2333595B00AB308B /* Info.plist */ = {isa = PBXFileReference; lastKnownFileType = text.plist.xml; path = Info.plist; sourceTree = "<group>"; };
		D570D62F233368DD00AB308B /* FirebaseService.swift */ = {isa = PBXFileReference; lastKnownFileType = sourcecode.swift; path = FirebaseService.swift; sourceTree = "<group>"; };
		D5711867237BDFCC005419D4 /* SignUpViewController.swift */ = {isa = PBXFileReference; lastKnownFileType = sourcecode.swift; path = SignUpViewController.swift; sourceTree = "<group>"; };
		D5711869237BE846005419D4 /* ForgotPasswordViewController.swift */ = {isa = PBXFileReference; lastKnownFileType = sourcecode.swift; path = ForgotPasswordViewController.swift; sourceTree = "<group>"; };
		D5726DF023546F170077BF95 /* GameView.swift */ = {isa = PBXFileReference; lastKnownFileType = sourcecode.swift; path = GameView.swift; sourceTree = "<group>"; };
		D5726DF32354710D0077BF95 /* GameTableViewCell.swift */ = {isa = PBXFileReference; lastKnownFileType = sourcecode.swift; path = GameTableViewCell.swift; sourceTree = "<group>"; };
		D5737F75235ADE6300756298 /* ErrorMessageHandler.swift */ = {isa = PBXFileReference; lastKnownFileType = sourcecode.swift; path = ErrorMessageHandler.swift; sourceTree = "<group>"; };
		D57ED5C2237E819500EC1E87 /* PrivacyNoticeViewController.swift */ = {isa = PBXFileReference; lastKnownFileType = sourcecode.swift; path = PrivacyNoticeViewController.swift; sourceTree = "<group>"; };
		D57ED5C5237E8C0300EC1E87 /* AboutViewController.swift */ = {isa = PBXFileReference; lastKnownFileType = sourcecode.swift; path = AboutViewController.swift; sourceTree = "<group>"; };
		D57ED5C7237E8CA200EC1E87 /* AboutTableViewCell.swift */ = {isa = PBXFileReference; lastKnownFileType = sourcecode.swift; path = AboutTableViewCell.swift; sourceTree = "<group>"; };
		D58CAE9723551190009639F5 /* ResultsViewController.swift */ = {isa = PBXFileReference; lastKnownFileType = sourcecode.swift; path = ResultsViewController.swift; sourceTree = "<group>"; };
		D59FEA3C237F969D00C65A2F /* ApplicationSettingsViewController.swift */ = {isa = PBXFileReference; lastKnownFileType = sourcecode.swift; path = ApplicationSettingsViewController.swift; sourceTree = "<group>"; };
		D59FEA3F237F9B1400C65A2F /* ChangeUsernameViewController.swift */ = {isa = PBXFileReference; lastKnownFileType = sourcecode.swift; path = ChangeUsernameViewController.swift; sourceTree = "<group>"; };
		D59FEA41237F9BAC00C65A2F /* Extensions.swift */ = {isa = PBXFileReference; lastKnownFileType = sourcecode.swift; path = Extensions.swift; sourceTree = "<group>"; };
		D59FEA44237FA07300C65A2F /* HintsViewController.swift */ = {isa = PBXFileReference; lastKnownFileType = sourcecode.swift; path = HintsViewController.swift; sourceTree = "<group>"; };
		D59FEA46237FA14000C65A2F /* GenericToggleTableViewCell.swift */ = {isa = PBXFileReference; lastKnownFileType = sourcecode.swift; path = GenericToggleTableViewCell.swift; sourceTree = "<group>"; };
		D59FEA49237FA50800C65A2F /* NotificationsViewController.swift */ = {isa = PBXFileReference; lastKnownFileType = sourcecode.swift; path = NotificationsViewController.swift; sourceTree = "<group>"; };
		D59FEA4C237FA6A000C65A2F /* LinkAccountsViewController.swift */ = {isa = PBXFileReference; lastKnownFileType = sourcecode.swift; path = LinkAccountsViewController.swift; sourceTree = "<group>"; };
		D59FEA4E237FDF3B00C65A2F /* EmailLinkViewController.swift */ = {isa = PBXFileReference; lastKnownFileType = sourcecode.swift; path = EmailLinkViewController.swift; sourceTree = "<group>"; };
		D5BA98652367779B0099D528 /* StoreItem.swift */ = {isa = PBXFileReference; lastKnownFileType = sourcecode.swift; path = StoreItem.swift; sourceTree = "<group>"; };
		D5BA986823677D180099D528 /* StoreTableView.swift */ = {isa = PBXFileReference; lastKnownFileType = sourcecode.swift; path = StoreTableView.swift; sourceTree = "<group>"; };
		D5BA986A23677D490099D528 /* StoreTableViewCell.swift */ = {isa = PBXFileReference; lastKnownFileType = sourcecode.swift; path = StoreTableViewCell.swift; sourceTree = "<group>"; };
		D5BA986C23677FA30099D528 /* StoreItemDetailsViewController.swift */ = {isa = PBXFileReference; lastKnownFileType = sourcecode.swift; path = StoreItemDetailsViewController.swift; sourceTree = "<group>"; };
		D5BA986E23677FC70099D528 /* StoreItemDetailsView.swift */ = {isa = PBXFileReference; lastKnownFileType = sourcecode.swift; path = StoreItemDetailsView.swift; sourceTree = "<group>"; };
		D5EA30532337148800F56428 /* en */ = {isa = PBXFileReference; lastKnownFileType = text.plist.strings; name = en; path = en.lproj/Localizable.strings; sourceTree = "<group>"; };
		D5EA30582337187100F56428 /* BaseViewController.swift */ = {isa = PBXFileReference; lastKnownFileType = sourcecode.swift; path = BaseViewController.swift; sourceTree = "<group>"; };
		D5EA305A23371D5600F56428 /* SignInViewController.swift */ = {isa = PBXFileReference; lastKnownFileType = sourcecode.swift; path = SignInViewController.swift; sourceTree = "<group>"; };
		D5EA305D23371E0700F56428 /* SignInView.swift */ = {isa = PBXFileReference; lastKnownFileType = sourcecode.swift; path = SignInView.swift; sourceTree = "<group>"; };
		D5EA305F233737C100F56428 /* FontSizes.swift */ = {isa = PBXFileReference; lastKnownFileType = sourcecode.swift; path = FontSizes.swift; sourceTree = "<group>"; };
		D64F2474D78493959330B838 /* Pods_QuickFin.framework */ = {isa = PBXFileReference; explicitFileType = wrapper.framework; includeInIndex = 0; path = Pods_QuickFin.framework; sourceTree = BUILT_PRODUCTS_DIR; };
		EED91460CC1CB78C93E7C382 /* Pods-QuickFinUITests.release.xcconfig */ = {isa = PBXFileReference; includeInIndex = 1; lastKnownFileType = text.xcconfig; name = "Pods-QuickFinUITests.release.xcconfig"; path = "Target Support Files/Pods-QuickFinUITests/Pods-QuickFinUITests.release.xcconfig"; sourceTree = "<group>"; };
/* End PBXFileReference section */

/* Begin PBXFrameworksBuildPhase section */
		D570D5F72333595900AB308B /* Frameworks */ = {
			isa = PBXFrameworksBuildPhase;
			buildActionMask = 2147483647;
			files = (
				157BB10AC7DE793B799716C7 /* Pods_QuickFin.framework in Frameworks */,
			);
			runOnlyForDeploymentPostprocessing = 0;
		};
		D570D60B2333595B00AB308B /* Frameworks */ = {
			isa = PBXFrameworksBuildPhase;
			buildActionMask = 2147483647;
			files = (
				8376102487283190D6D1B6AF /* Pods_QuickFinTests.framework in Frameworks */,
			);
			runOnlyForDeploymentPostprocessing = 0;
		};
		D570D6162333595B00AB308B /* Frameworks */ = {
			isa = PBXFrameworksBuildPhase;
			buildActionMask = 2147483647;
			files = (
				245D2CABFE2DE4EB6D45A1D6 /* Pods_QuickFinUITests.framework in Frameworks */,
			);
			runOnlyForDeploymentPostprocessing = 0;
		};
/* End PBXFrameworksBuildPhase section */

/* Begin PBXGroup section */
		031BC7CDFB88BAA3206F58F4 /* Frameworks */ = {
			isa = PBXGroup;
			children = (
				D64F2474D78493959330B838 /* Pods_QuickFin.framework */,
				944AFC84E667E92EEE10DE04 /* Pods_QuickFinTests.framework */,
				8568AC969BE75A987C428194 /* Pods_QuickFinUITests.framework */,
			);
			name = Frameworks;
			sourceTree = "<group>";
		};
		6353168BE04C805FAF518362 /* Pods */ = {
			isa = PBXGroup;
			children = (
				AC9EEAF965A7BA4EDC7018A3 /* Pods-QuickFin.debug.xcconfig */,
				9C3D98F84E73D2396908D587 /* Pods-QuickFin.release.xcconfig */,
				AF35D85A5A8EAD301D0E9451 /* Pods-QuickFinTests.debug.xcconfig */,
				2FB4870078CC43E1B83CA653 /* Pods-QuickFinTests.release.xcconfig */,
				4E0925C2365C465B42E45760 /* Pods-QuickFinUITests.debug.xcconfig */,
				EED91460CC1CB78C93E7C382 /* Pods-QuickFinUITests.release.xcconfig */,
			);
			path = Pods;
			sourceTree = "<group>";
		};
		BF2E7ABF235457920048A201 /* Game */ = {
			isa = PBXGroup;
			children = (
				D5726DF2235470F30077BF95 /* View */,
				BF2E7AC023545FCB0048A201 /* GameViewController.swift */,
			);
			path = Game;
			sourceTree = "<group>";
		};
		BF2E7AC2235465870048A201 /* Store */ = {
			isa = PBXGroup;
			children = (
				D5BA986723677CFE0099D528 /* Views */,
				BF2E7AC6235466370048A201 /* StoreViewController.swift */,
				D5BA986C23677FA30099D528 /* StoreItemDetailsViewController.swift */,
			);
			path = Store;
			sourceTree = "<group>";
		};
		BF2E7AC32354658A0048A201 /* Leaderboard */ = {
			isa = PBXGroup;
			children = (
				D5460A63237C687500BBE034 /* CustomTableViewCell.swift */,
				D5460A65237C687B00BBE034 /* LeaderboardViewController.swift */,
			);
			path = Leaderboard;
			sourceTree = "<group>";
		};
		D505BA0F235180C10025E975 /* Settings */ = {
			isa = PBXGroup;
			children = (
				D59FEA3B237F968400C65A2F /* Application Settings */,
				D57ED5C4237E88C800EC1E87 /* About */,
				D57ED5C1237E818400EC1E87 /* Privacy Notice */,
				D505BA11235180D60025E975 /* Change Password */,
				D505BA0B235128330025E975 /* SettingsView.swift */,
				D505BA092351281A0025E975 /* SettingsViewController.swift */,
				D505BA0D23512C2B0025E975 /* SettingsTableViewCell.swift */,
			);
			path = Settings;
			sourceTree = "<group>";
		};
		D505BA11235180D60025E975 /* Change Password */ = {
			isa = PBXGroup;
			children = (
				D505BA12235181080025E975 /* ChangePasswordViewController.swift */,
			);
			path = "Change Password";
			sourceTree = "<group>";
		};
		D52471DB234257A400922564 /* Chapters */ = {
			isa = PBXGroup;
			children = (
				BF2E7ABF235457920048A201 /* Game */,
				BFD5653F2339927C007ECD97 /* ChapterViewController.swift */,
			);
			path = Chapters;
			sourceTree = "<group>";
		};
		D52471DC234257AE00922564 /* Profile */ = {
			isa = PBXGroup;
			children = (
				D505BA0F235180C10025E975 /* Settings */,
				D52471DD234257BF00922564 /* Views */,
				BFD565412339927C007ECD97 /* ProfileViewController.swift */,
			);
			path = Profile;
			sourceTree = "<group>";
		};
		D52471DD234257BF00922564 /* Views */ = {
			isa = PBXGroup;
			children = (
				BFD565402339927C007ECD97 /* ProfileView.swift */,
			);
			path = Views;
			sourceTree = "<group>";
		};
		D5469B4623377AD00047D09D /* Protocols */ = {
			isa = PBXGroup;
			children = (
				D5469B4723377AF20047D09D /* SignInDelegateProtocol.swift */,
			);
			path = Protocols;
			sourceTree = "<group>";
		};
		D5469B4D23398ABB0047D09D /* Models */ = {
			isa = PBXGroup;
			children = (
				D5469B4E23398AC70047D09D /* User.swift */,
				BF5A2E94237C8F4300C7EB87 /* UserShared.swift */,
				D5469B5023398E170047D09D /* FirestoreUserResponse.swift */,
				BFD5653B2339926B007ECD97 /* Chapter.swift */,
				BFD5653C2339926B007ECD97 /* Question.swift */,
				BF4EDAA52341E09800E45E90 /* ChapterStats.swift */,
				D5BA98652367779B0099D528 /* StoreItem.swift */,
			);
			path = Models;
			sourceTree = "<group>";
		};
		D570D5F12333595900AB308B = {
			isa = PBXGroup;
			children = (
				D570D5FC2333595900AB308B /* QuickFin */,
				D570D6112333595B00AB308B /* QuickFinTests */,
				D570D61C2333595B00AB308B /* QuickFinUITests */,
				D570D5FB2333595900AB308B /* Products */,
				6353168BE04C805FAF518362 /* Pods */,
				031BC7CDFB88BAA3206F58F4 /* Frameworks */,
			);
			sourceTree = "<group>";
		};
		D570D5FB2333595900AB308B /* Products */ = {
			isa = PBXGroup;
			children = (
				D570D5FA2333595900AB308B /* QuickFin.app */,
				D570D60E2333595B00AB308B /* QuickFinTests.xctest */,
				D570D6192333595B00AB308B /* QuickFinUITests.xctest */,
			);
			name = Products;
			sourceTree = "<group>";
		};
		D570D5FC2333595900AB308B /* QuickFin */ = {
			isa = PBXGroup;
			children = (
				0AC8D593238BC763000D2E5D /* QuickFin.entitlements */,
				D5469B4D23398ABB0047D09D /* Models */,
				D5EA30542337148800F56428 /* Localizable.strings */,
				D570D62E233368C500AB308B /* Pages */,
				D570D62D233368BB00AB308B /* Utility */,
				D570D5FD2333595900AB308B /* AppDelegate.swift */,
				0AC8D591238BC6C6000D2E5D /* GoogleService-Info.plist */,
				D570D6042333595B00AB308B /* Colors.xcassets */,
				D570D6062333595B00AB308B /* LaunchScreen.storyboard */,
				D570D6092333595B00AB308B /* Info.plist */,
				D52471D3234150CA00922564 /* Images.xcassets */,
				D505BA0723511B160025E975 /* Settings.bundle */,
			);
			path = QuickFin;
			sourceTree = "<group>";
		};
		D570D6112333595B00AB308B /* QuickFinTests */ = {
			isa = PBXGroup;
			children = (
				D570D6122333595B00AB308B /* QuickFinTests.swift */,
				D570D6142333595B00AB308B /* Info.plist */,
			);
			path = QuickFinTests;
			sourceTree = "<group>";
		};
		D570D61C2333595B00AB308B /* QuickFinUITests */ = {
			isa = PBXGroup;
			children = (
				D570D61D2333595B00AB308B /* QuickFinUITests.swift */,
				D570D61F2333595B00AB308B /* Info.plist */,
			);
			path = QuickFinUITests;
			sourceTree = "<group>";
		};
		D570D62D233368BB00AB308B /* Utility */ = {
			isa = PBXGroup;
			children = (
				D52471D92341CC8900922564 /* AppDelegateExtension.swift */,
				D52471D123402B2400922564 /* Colors.swift */,
				D5469B492338247F0047D09D /* Core.swift */,
				BF4EDAA32341DC7500E45E90 /* CacheService.swift */,
				D570D62F233368DD00AB308B /* FirebaseService.swift */,
				D5EA305F233737C100F56428 /* FontSizes.swift */,
				D52471D723415A2D00922564 /* Images.swift */,
				D5737F75235ADE6300756298 /* ErrorMessageHandler.swift */,
				BF5A2E92237BEBB800C7EB87 /* AchievementMessageHandler.swift */,
				D59FEA41237F9BAC00C65A2F /* Extensions.swift */,
			);
			path = Utility;
			sourceTree = "<group>";
		};
		D570D62E233368C500AB308B /* Pages */ = {
			isa = PBXGroup;
			children = (
				D5EA30572337185900F56428 /* Base View Controller */,
				D5EA30562337184100F56428 /* Sign In */,
				D5EA30552337182D00F56428 /* Main Tab Bar Controller */,
			);
			path = Pages;
			sourceTree = "<group>";
		};
		D5711865237BDF48005419D4 /* Sign Up */ = {
			isa = PBXGroup;
			children = (
				D5711867237BDFCC005419D4 /* SignUpViewController.swift */,
			);
			path = "Sign Up";
			sourceTree = "<group>";
		};
		D5711866237BDF63005419D4 /* Forgot Password */ = {
			isa = PBXGroup;
			children = (
				D5711869237BE846005419D4 /* ForgotPasswordViewController.swift */,
			);
			path = "Forgot Password";
			sourceTree = "<group>";
		};
		D5726DF2235470F30077BF95 /* View */ = {
			isa = PBXGroup;
			children = (
				D5726DF023546F170077BF95 /* GameView.swift */,
				D5726DF32354710D0077BF95 /* GameTableViewCell.swift */,
				D58CAE9723551190009639F5 /* ResultsViewController.swift */,
			);
			path = View;
			sourceTree = "<group>";
		};
		D57ED5C1237E818400EC1E87 /* Privacy Notice */ = {
			isa = PBXGroup;
			children = (
				D57ED5C2237E819500EC1E87 /* PrivacyNoticeViewController.swift */,
			);
			path = "Privacy Notice";
			sourceTree = "<group>";
		};
		D57ED5C4237E88C800EC1E87 /* About */ = {
			isa = PBXGroup;
			children = (
				D57ED5C5237E8C0300EC1E87 /* AboutViewController.swift */,
				D57ED5C7237E8CA200EC1E87 /* AboutTableViewCell.swift */,
			);
			path = About;
			sourceTree = "<group>";
		};
		D59FEA3B237F968400C65A2F /* Application Settings */ = {
			isa = PBXGroup;
			children = (
				D59FEA3E237F9B0200C65A2F /* Change Username */,
				D59FEA43237FA06400C65A2F /* Hints */,
				D59FEA4B237FA68E00C65A2F /* Link Accounts */,
				D59FEA48237FA4DE00C65A2F /* Notifications */,
				D59FEA3C237F969D00C65A2F /* ApplicationSettingsViewController.swift */,
				D59FEA46237FA14000C65A2F /* GenericToggleTableViewCell.swift */,
			);
			path = "Application Settings";
			sourceTree = "<group>";
		};
		D59FEA3E237F9B0200C65A2F /* Change Username */ = {
			isa = PBXGroup;
			children = (
				D59FEA3F237F9B1400C65A2F /* ChangeUsernameViewController.swift */,
			);
			path = "Change Username";
			sourceTree = "<group>";
		};
		D59FEA43237FA06400C65A2F /* Hints */ = {
			isa = PBXGroup;
			children = (
				D59FEA44237FA07300C65A2F /* HintsViewController.swift */,
			);
			path = Hints;
			sourceTree = "<group>";
		};
		D59FEA48237FA4DE00C65A2F /* Notifications */ = {
			isa = PBXGroup;
			children = (
				D59FEA49237FA50800C65A2F /* NotificationsViewController.swift */,
			);
			path = Notifications;
			sourceTree = "<group>";
		};
		D59FEA4B237FA68E00C65A2F /* Link Accounts */ = {
			isa = PBXGroup;
			children = (
				D59FEA4E237FDF3B00C65A2F /* EmailLinkViewController.swift */,
				D59FEA4C237FA6A000C65A2F /* LinkAccountsViewController.swift */,
			);
			path = "Link Accounts";
			sourceTree = "<group>";
		};
		D5BA986723677CFE0099D528 /* Views */ = {
			isa = PBXGroup;
			children = (
				D5BA986823677D180099D528 /* StoreTableView.swift */,
				D5BA986A23677D490099D528 /* StoreTableViewCell.swift */,
				D5BA986E23677FC70099D528 /* StoreItemDetailsView.swift */,
			);
			path = Views;
			sourceTree = "<group>";
		};
		D5EA30552337182D00F56428 /* Main Tab Bar Controller */ = {
			isa = PBXGroup;
			children = (
				D52471DB234257A400922564 /* Chapters */,
				BF2E7AC32354658A0048A201 /* Leaderboard */,
				BF2E7AC2235465870048A201 /* Store */,
				D52471DC234257AE00922564 /* Profile */,
				D570D5FF2333595900AB308B /* MainTabBarViewController.swift */,
			);
			path = "Main Tab Bar Controller";
			sourceTree = "<group>";
		};
		D5EA30562337184100F56428 /* Sign In */ = {
			isa = PBXGroup;
			children = (
				D5711866237BDF63005419D4 /* Forgot Password */,
				D5711865237BDF48005419D4 /* Sign Up */,
				D5469B4623377AD00047D09D /* Protocols */,
				D5EA305C23371DE000F56428 /* Views */,
				D5EA305A23371D5600F56428 /* SignInViewController.swift */,
			);
			path = "Sign In";
			sourceTree = "<group>";
		};
		D5EA30572337185900F56428 /* Base View Controller */ = {
			isa = PBXGroup;
			children = (
				D5EA30582337187100F56428 /* BaseViewController.swift */,
				D52471CF23401F3900922564 /* BaseNavigationController.swift */,
			);
			path = "Base View Controller";
			sourceTree = "<group>";
		};
		D5EA305C23371DE000F56428 /* Views */ = {
			isa = PBXGroup;
			children = (
				D5EA305D23371E0700F56428 /* SignInView.swift */,
			);
			path = Views;
			sourceTree = "<group>";
		};
/* End PBXGroup section */

/* Begin PBXNativeTarget section */
		D570D5F92333595900AB308B /* QuickFin */ = {
			isa = PBXNativeTarget;
			buildConfigurationList = D570D6222333595B00AB308B /* Build configuration list for PBXNativeTarget "QuickFin" */;
			buildPhases = (
				61267F2D721E477407137E67 /* [CP] Check Pods Manifest.lock */,
				D570D5F62333595900AB308B /* Sources */,
				D570D5F72333595900AB308B /* Frameworks */,
				D570D5F82333595900AB308B /* Resources */,
				059D69B31C0A08F8FE71893A /* [CP] Embed Pods Frameworks */,
				FC86777BC41EEB7390BCB8DD /* [CP] Copy Pods Resources */,
			);
			buildRules = (
			);
			dependencies = (
			);
			name = QuickFin;
			productName = QuickFin;
			productReference = D570D5FA2333595900AB308B /* QuickFin.app */;
			productType = "com.apple.product-type.application";
		};
		D570D60D2333595B00AB308B /* QuickFinTests */ = {
			isa = PBXNativeTarget;
			buildConfigurationList = D570D6252333595B00AB308B /* Build configuration list for PBXNativeTarget "QuickFinTests" */;
			buildPhases = (
				162280DC82F41551263F210F /* [CP] Check Pods Manifest.lock */,
				D570D60A2333595B00AB308B /* Sources */,
				D570D60B2333595B00AB308B /* Frameworks */,
				D570D60C2333595B00AB308B /* Resources */,
			);
			buildRules = (
			);
			dependencies = (
				D570D6102333595B00AB308B /* PBXTargetDependency */,
			);
			name = QuickFinTests;
			productName = QuickFinTests;
			productReference = D570D60E2333595B00AB308B /* QuickFinTests.xctest */;
			productType = "com.apple.product-type.bundle.unit-test";
		};
		D570D6182333595B00AB308B /* QuickFinUITests */ = {
			isa = PBXNativeTarget;
			buildConfigurationList = D570D6282333595B00AB308B /* Build configuration list for PBXNativeTarget "QuickFinUITests" */;
			buildPhases = (
				0D19D019AEB9D728E8CD840B /* [CP] Check Pods Manifest.lock */,
				D570D6152333595B00AB308B /* Sources */,
				D570D6162333595B00AB308B /* Frameworks */,
				D570D6172333595B00AB308B /* Resources */,
			);
			buildRules = (
			);
			dependencies = (
				D570D61B2333595B00AB308B /* PBXTargetDependency */,
			);
			name = QuickFinUITests;
			productName = QuickFinUITests;
			productReference = D570D6192333595B00AB308B /* QuickFinUITests.xctest */;
			productType = "com.apple.product-type.bundle.ui-testing";
		};
/* End PBXNativeTarget section */

/* Begin PBXProject section */
		D570D5F22333595900AB308B /* Project object */ = {
			isa = PBXProject;
			attributes = {
				LastSwiftUpdateCheck = 1030;
				LastUpgradeCheck = 1030;
				ORGANIZATIONNAME = "Fidelity Investments";
				TargetAttributes = {
					D570D5F92333595900AB308B = {
						CreatedOnToolsVersion = 10.3;
					};
					D570D60D2333595B00AB308B = {
						CreatedOnToolsVersion = 10.3;
						TestTargetID = D570D5F92333595900AB308B;
					};
					D570D6182333595B00AB308B = {
						CreatedOnToolsVersion = 10.3;
						TestTargetID = D570D5F92333595900AB308B;
					};
				};
			};
			buildConfigurationList = D570D5F52333595900AB308B /* Build configuration list for PBXProject "QuickFin" */;
			compatibilityVersion = "Xcode 9.3";
			developmentRegion = en;
			hasScannedForEncodings = 0;
			knownRegions = (
				en,
				Base,
			);
			mainGroup = D570D5F12333595900AB308B;
			productRefGroup = D570D5FB2333595900AB308B /* Products */;
			projectDirPath = "";
			projectRoot = "";
			targets = (
				D570D5F92333595900AB308B /* QuickFin */,
				D570D60D2333595B00AB308B /* QuickFinTests */,
				D570D6182333595B00AB308B /* QuickFinUITests */,
			);
		};
/* End PBXProject section */

/* Begin PBXResourcesBuildPhase section */
		D570D5F82333595900AB308B /* Resources */ = {
			isa = PBXResourcesBuildPhase;
			buildActionMask = 2147483647;
			files = (
				D570D6082333595B00AB308B /* LaunchScreen.storyboard in Resources */,
				D52471D4234150CA00922564 /* Images.xcassets in Resources */,
				D5EA30522337148800F56428 /* Localizable.strings in Resources */,
				D505BA0823511B160025E975 /* Settings.bundle in Resources */,
				D570D6052333595B00AB308B /* Colors.xcassets in Resources */,
				0AC8D592238BC6C6000D2E5D /* GoogleService-Info.plist in Resources */,
			);
			runOnlyForDeploymentPostprocessing = 0;
		};
		D570D60C2333595B00AB308B /* Resources */ = {
			isa = PBXResourcesBuildPhase;
			buildActionMask = 2147483647;
			files = (
			);
			runOnlyForDeploymentPostprocessing = 0;
		};
		D570D6172333595B00AB308B /* Resources */ = {
			isa = PBXResourcesBuildPhase;
			buildActionMask = 2147483647;
			files = (
			);
			runOnlyForDeploymentPostprocessing = 0;
		};
/* End PBXResourcesBuildPhase section */

/* Begin PBXShellScriptBuildPhase section */
		059D69B31C0A08F8FE71893A /* [CP] Embed Pods Frameworks */ = {
			isa = PBXShellScriptBuildPhase;
			buildActionMask = 2147483647;
			files = (
			);
			inputFileListPaths = (
				"${PODS_ROOT}/Target Support Files/Pods-QuickFin/Pods-QuickFin-frameworks-${CONFIGURATION}-input-files.xcfilelist",
			);
			name = "[CP] Embed Pods Frameworks";
			outputFileListPaths = (
				"${PODS_ROOT}/Target Support Files/Pods-QuickFin/Pods-QuickFin-frameworks-${CONFIGURATION}-output-files.xcfilelist",
			);
			runOnlyForDeploymentPostprocessing = 0;
			shellPath = /bin/sh;
			shellScript = "\"${PODS_ROOT}/Target Support Files/Pods-QuickFin/Pods-QuickFin-frameworks.sh\"\n";
			showEnvVarsInLog = 0;
		};
		0D19D019AEB9D728E8CD840B /* [CP] Check Pods Manifest.lock */ = {
			isa = PBXShellScriptBuildPhase;
			buildActionMask = 2147483647;
			files = (
			);
			inputFileListPaths = (
			);
			inputPaths = (
				"${PODS_PODFILE_DIR_PATH}/Podfile.lock",
				"${PODS_ROOT}/Manifest.lock",
			);
			name = "[CP] Check Pods Manifest.lock";
			outputFileListPaths = (
			);
			outputPaths = (
				"$(DERIVED_FILE_DIR)/Pods-QuickFinUITests-checkManifestLockResult.txt",
			);
			runOnlyForDeploymentPostprocessing = 0;
			shellPath = /bin/sh;
			shellScript = "diff \"${PODS_PODFILE_DIR_PATH}/Podfile.lock\" \"${PODS_ROOT}/Manifest.lock\" > /dev/null\nif [ $? != 0 ] ; then\n    # print error to STDERR\n    echo \"error: The sandbox is not in sync with the Podfile.lock. Run 'pod install' or update your CocoaPods installation.\" >&2\n    exit 1\nfi\n# This output is used by Xcode 'outputs' to avoid re-running this script phase.\necho \"SUCCESS\" > \"${SCRIPT_OUTPUT_FILE_0}\"\n";
			showEnvVarsInLog = 0;
		};
		162280DC82F41551263F210F /* [CP] Check Pods Manifest.lock */ = {
			isa = PBXShellScriptBuildPhase;
			buildActionMask = 2147483647;
			files = (
			);
			inputFileListPaths = (
			);
			inputPaths = (
				"${PODS_PODFILE_DIR_PATH}/Podfile.lock",
				"${PODS_ROOT}/Manifest.lock",
			);
			name = "[CP] Check Pods Manifest.lock";
			outputFileListPaths = (
			);
			outputPaths = (
				"$(DERIVED_FILE_DIR)/Pods-QuickFinTests-checkManifestLockResult.txt",
			);
			runOnlyForDeploymentPostprocessing = 0;
			shellPath = /bin/sh;
			shellScript = "diff \"${PODS_PODFILE_DIR_PATH}/Podfile.lock\" \"${PODS_ROOT}/Manifest.lock\" > /dev/null\nif [ $? != 0 ] ; then\n    # print error to STDERR\n    echo \"error: The sandbox is not in sync with the Podfile.lock. Run 'pod install' or update your CocoaPods installation.\" >&2\n    exit 1\nfi\n# This output is used by Xcode 'outputs' to avoid re-running this script phase.\necho \"SUCCESS\" > \"${SCRIPT_OUTPUT_FILE_0}\"\n";
			showEnvVarsInLog = 0;
		};
		61267F2D721E477407137E67 /* [CP] Check Pods Manifest.lock */ = {
			isa = PBXShellScriptBuildPhase;
			buildActionMask = 2147483647;
			files = (
			);
			inputFileListPaths = (
			);
			inputPaths = (
				"${PODS_PODFILE_DIR_PATH}/Podfile.lock",
				"${PODS_ROOT}/Manifest.lock",
			);
			name = "[CP] Check Pods Manifest.lock";
			outputFileListPaths = (
			);
			outputPaths = (
				"$(DERIVED_FILE_DIR)/Pods-QuickFin-checkManifestLockResult.txt",
			);
			runOnlyForDeploymentPostprocessing = 0;
			shellPath = /bin/sh;
			shellScript = "diff \"${PODS_PODFILE_DIR_PATH}/Podfile.lock\" \"${PODS_ROOT}/Manifest.lock\" > /dev/null\nif [ $? != 0 ] ; then\n    # print error to STDERR\n    echo \"error: The sandbox is not in sync with the Podfile.lock. Run 'pod install' or update your CocoaPods installation.\" >&2\n    exit 1\nfi\n# This output is used by Xcode 'outputs' to avoid re-running this script phase.\necho \"SUCCESS\" > \"${SCRIPT_OUTPUT_FILE_0}\"\n";
			showEnvVarsInLog = 0;
		};
		FC86777BC41EEB7390BCB8DD /* [CP] Copy Pods Resources */ = {
			isa = PBXShellScriptBuildPhase;
			buildActionMask = 2147483647;
			files = (
			);
			inputFileListPaths = (
				"${PODS_ROOT}/Target Support Files/Pods-QuickFin/Pods-QuickFin-resources-${CONFIGURATION}-input-files.xcfilelist",
			);
			name = "[CP] Copy Pods Resources";
			outputFileListPaths = (
				"${PODS_ROOT}/Target Support Files/Pods-QuickFin/Pods-QuickFin-resources-${CONFIGURATION}-output-files.xcfilelist",
			);
			runOnlyForDeploymentPostprocessing = 0;
			shellPath = /bin/sh;
			shellScript = "\"${PODS_ROOT}/Target Support Files/Pods-QuickFin/Pods-QuickFin-resources.sh\"\n";
			showEnvVarsInLog = 0;
		};
/* End PBXShellScriptBuildPhase section */

/* Begin PBXSourcesBuildPhase section */
		D570D5F62333595900AB308B /* Sources */ = {
			isa = PBXSourcesBuildPhase;
			buildActionMask = 2147483647;
			files = (
				D5EA3060233737C100F56428 /* FontSizes.swift in Sources */,
				D5EA305E23371E0700F56428 /* SignInView.swift in Sources */,
				D570D6002333595900AB308B /* MainTabBarViewController.swift in Sources */,
				D59FEA4A237FA50800C65A2F /* NotificationsViewController.swift in Sources */,
				D59FEA47237FA14000C65A2F /* GenericToggleTableViewCell.swift in Sources */,
				D57ED5C6237E8C0300EC1E87 /* AboutViewController.swift in Sources */,
				D5BA986B23677D490099D528 /* StoreTableViewCell.swift in Sources */,
				BFD5653D2339926B007ECD97 /* Chapter.swift in Sources */,
				D5EA30592337187100F56428 /* BaseViewController.swift in Sources */,
				D570D5FE2333595900AB308B /* AppDelegate.swift in Sources */,
				D5726DF123546F170077BF95 /* GameView.swift in Sources */,
				D57ED5C8237E8CA200EC1E87 /* AboutTableViewCell.swift in Sources */,
				D59FEA40237F9B1400C65A2F /* ChangeUsernameViewController.swift in Sources */,
				D58CAE9823551190009639F5 /* ResultsViewController.swift in Sources */,
				BFD565442339927C007ECD97 /* ProfileViewController.swift in Sources */,
				D5EA305B23371D5600F56428 /* SignInViewController.swift in Sources */,
				BFD565432339927C007ECD97 /* ProfileView.swift in Sources */,
				D505BA0C235128330025E975 /* SettingsView.swift in Sources */,
				D570D630233368DD00AB308B /* FirebaseService.swift in Sources */,
				BF5A2E93237BEBB800C7EB87 /* AchievementMessageHandler.swift in Sources */,
				D5737F76235ADE6300756298 /* ErrorMessageHandler.swift in Sources */,
				BFD5653E2339926B007ECD97 /* Question.swift in Sources */,
				D571186A237BE846005419D4 /* ForgotPasswordViewController.swift in Sources */,
				BF5A2E95237C8F4300C7EB87 /* UserShared.swift in Sources */,
				D52471D823415A2D00922564 /* Images.swift in Sources */,
				D59FEA45237FA07300C65A2F /* HintsViewController.swift in Sources */,
				D59FEA3D237F969D00C65A2F /* ApplicationSettingsViewController.swift in Sources */,
				BF2E7AC123545FCB0048A201 /* GameViewController.swift in Sources */,
				D505BA0E23512C2B0025E975 /* SettingsTableViewCell.swift in Sources */,
				D5BA986D23677FA30099D528 /* StoreItemDetailsViewController.swift in Sources */,
				D5469B4A2338247F0047D09D /* Core.swift in Sources */,
				BFD565422339927C007ECD97 /* ChapterViewController.swift in Sources */,
				D5469B4F23398AC70047D09D /* User.swift in Sources */,
				D5711868237BDFCC005419D4 /* SignUpViewController.swift in Sources */,
				D5BA986F23677FC70099D528 /* StoreItemDetailsView.swift in Sources */,
				D5460A64237C687500BBE034 /* CustomTableViewCell.swift in Sources */,
				D5726DF42354710D0077BF95 /* GameTableViewCell.swift in Sources */,
				D505BA0A2351281A0025E975 /* SettingsViewController.swift in Sources */,
				D5BA98662367779B0099D528 /* StoreItem.swift in Sources */,
				D52471D023401F3900922564 /* BaseNavigationController.swift in Sources */,
				D505BA13235181080025E975 /* ChangePasswordViewController.swift in Sources */,
				D59FEA4F237FDF3B00C65A2F /* EmailLinkViewController.swift in Sources */,
				D5469B4823377AF20047D09D /* SignInDelegateProtocol.swift in Sources */,
				D5460A66237C687B00BBE034 /* LeaderboardViewController.swift in Sources */,
				D59FEA4D237FA6A000C65A2F /* LinkAccountsViewController.swift in Sources */,
				BF4EDAA62341E09800E45E90 /* ChapterStats.swift in Sources */,
				D57ED5C3237E819500EC1E87 /* PrivacyNoticeViewController.swift in Sources */,
				BF2E7AC7235466370048A201 /* StoreViewController.swift in Sources */,
				D5469B5123398E170047D09D /* FirestoreUserResponse.swift in Sources */,
				D52471DA2341CC8900922564 /* AppDelegateExtension.swift in Sources */,
				BF4EDAA42341DC7500E45E90 /* CacheService.swift in Sources */,
				D52471D223402B2400922564 /* Colors.swift in Sources */,
				D5BA986923677D180099D528 /* StoreTableView.swift in Sources */,
				D59FEA42237F9BAC00C65A2F /* Extensions.swift in Sources */,
			);
			runOnlyForDeploymentPostprocessing = 0;
		};
		D570D60A2333595B00AB308B /* Sources */ = {
			isa = PBXSourcesBuildPhase;
			buildActionMask = 2147483647;
			files = (
				D570D6132333595B00AB308B /* QuickFinTests.swift in Sources */,
			);
			runOnlyForDeploymentPostprocessing = 0;
		};
		D570D6152333595B00AB308B /* Sources */ = {
			isa = PBXSourcesBuildPhase;
			buildActionMask = 2147483647;
			files = (
				D570D61E2333595B00AB308B /* QuickFinUITests.swift in Sources */,
			);
			runOnlyForDeploymentPostprocessing = 0;
		};
/* End PBXSourcesBuildPhase section */

/* Begin PBXTargetDependency section */
		D570D6102333595B00AB308B /* PBXTargetDependency */ = {
			isa = PBXTargetDependency;
			target = D570D5F92333595900AB308B /* QuickFin */;
			targetProxy = D570D60F2333595B00AB308B /* PBXContainerItemProxy */;
		};
		D570D61B2333595B00AB308B /* PBXTargetDependency */ = {
			isa = PBXTargetDependency;
			target = D570D5F92333595900AB308B /* QuickFin */;
			targetProxy = D570D61A2333595B00AB308B /* PBXContainerItemProxy */;
		};
/* End PBXTargetDependency section */

/* Begin PBXVariantGroup section */
		D570D6062333595B00AB308B /* LaunchScreen.storyboard */ = {
			isa = PBXVariantGroup;
			children = (
				D570D6072333595B00AB308B /* Base */,
			);
			name = LaunchScreen.storyboard;
			sourceTree = "<group>";
		};
		D5EA30542337148800F56428 /* Localizable.strings */ = {
			isa = PBXVariantGroup;
			children = (
				D5EA30532337148800F56428 /* en */,
			);
			name = Localizable.strings;
			sourceTree = "<group>";
		};
/* End PBXVariantGroup section */

/* Begin XCBuildConfiguration section */
		D570D6202333595B00AB308B /* Debug */ = {
			isa = XCBuildConfiguration;
			buildSettings = {
				ALWAYS_SEARCH_USER_PATHS = NO;
				CLANG_ANALYZER_NONNULL = YES;
				CLANG_ANALYZER_NUMBER_OBJECT_CONVERSION = YES_AGGRESSIVE;
				CLANG_CXX_LANGUAGE_STANDARD = "gnu++14";
				CLANG_CXX_LIBRARY = "libc++";
				CLANG_ENABLE_MODULES = YES;
				CLANG_ENABLE_OBJC_ARC = YES;
				CLANG_ENABLE_OBJC_WEAK = YES;
				CLANG_WARN_BLOCK_CAPTURE_AUTORELEASING = YES;
				CLANG_WARN_BOOL_CONVERSION = YES;
				CLANG_WARN_COMMA = YES;
				CLANG_WARN_CONSTANT_CONVERSION = YES;
				CLANG_WARN_DEPRECATED_OBJC_IMPLEMENTATIONS = YES;
				CLANG_WARN_DIRECT_OBJC_ISA_USAGE = YES_ERROR;
				CLANG_WARN_DOCUMENTATION_COMMENTS = YES;
				CLANG_WARN_EMPTY_BODY = YES;
				CLANG_WARN_ENUM_CONVERSION = YES;
				CLANG_WARN_INFINITE_RECURSION = YES;
				CLANG_WARN_INT_CONVERSION = YES;
				CLANG_WARN_NON_LITERAL_NULL_CONVERSION = YES;
				CLANG_WARN_OBJC_IMPLICIT_RETAIN_SELF = YES;
				CLANG_WARN_OBJC_LITERAL_CONVERSION = YES;
				CLANG_WARN_OBJC_ROOT_CLASS = YES_ERROR;
				CLANG_WARN_RANGE_LOOP_ANALYSIS = YES;
				CLANG_WARN_STRICT_PROTOTYPES = YES;
				CLANG_WARN_SUSPICIOUS_MOVE = YES;
				CLANG_WARN_UNGUARDED_AVAILABILITY = YES_AGGRESSIVE;
				CLANG_WARN_UNREACHABLE_CODE = YES;
				CLANG_WARN__DUPLICATE_METHOD_MATCH = YES;
				CODE_SIGN_IDENTITY = "iPhone Developer";
				COPY_PHASE_STRIP = NO;
				DEBUG_INFORMATION_FORMAT = dwarf;
				ENABLE_STRICT_OBJC_MSGSEND = YES;
				ENABLE_TESTABILITY = YES;
				GCC_C_LANGUAGE_STANDARD = gnu11;
				GCC_DYNAMIC_NO_PIC = NO;
				GCC_NO_COMMON_BLOCKS = YES;
				GCC_OPTIMIZATION_LEVEL = 0;
				GCC_PREPROCESSOR_DEFINITIONS = (
					"DEBUG=1",
					"$(inherited)",
				);
				GCC_WARN_64_TO_32_BIT_CONVERSION = YES;
				GCC_WARN_ABOUT_RETURN_TYPE = YES_ERROR;
				GCC_WARN_UNDECLARED_SELECTOR = YES;
				GCC_WARN_UNINITIALIZED_AUTOS = YES_AGGRESSIVE;
				GCC_WARN_UNUSED_FUNCTION = YES;
				GCC_WARN_UNUSED_VARIABLE = YES;
				IPHONEOS_DEPLOYMENT_TARGET = 12.4;
				MTL_ENABLE_DEBUG_INFO = INCLUDE_SOURCE;
				MTL_FAST_MATH = YES;
				ONLY_ACTIVE_ARCH = YES;
				OTHER_LDFLAGS = "-ObjC";
				SDKROOT = iphoneos;
				SWIFT_ACTIVE_COMPILATION_CONDITIONS = DEBUG;
				SWIFT_OPTIMIZATION_LEVEL = "-Onone";
			};
			name = Debug;
		};
		D570D6212333595B00AB308B /* Release */ = {
			isa = XCBuildConfiguration;
			buildSettings = {
				ALWAYS_SEARCH_USER_PATHS = NO;
				CLANG_ANALYZER_NONNULL = YES;
				CLANG_ANALYZER_NUMBER_OBJECT_CONVERSION = YES_AGGRESSIVE;
				CLANG_CXX_LANGUAGE_STANDARD = "gnu++14";
				CLANG_CXX_LIBRARY = "libc++";
				CLANG_ENABLE_MODULES = YES;
				CLANG_ENABLE_OBJC_ARC = YES;
				CLANG_ENABLE_OBJC_WEAK = YES;
				CLANG_WARN_BLOCK_CAPTURE_AUTORELEASING = YES;
				CLANG_WARN_BOOL_CONVERSION = YES;
				CLANG_WARN_COMMA = YES;
				CLANG_WARN_CONSTANT_CONVERSION = YES;
				CLANG_WARN_DEPRECATED_OBJC_IMPLEMENTATIONS = YES;
				CLANG_WARN_DIRECT_OBJC_ISA_USAGE = YES_ERROR;
				CLANG_WARN_DOCUMENTATION_COMMENTS = YES;
				CLANG_WARN_EMPTY_BODY = YES;
				CLANG_WARN_ENUM_CONVERSION = YES;
				CLANG_WARN_INFINITE_RECURSION = YES;
				CLANG_WARN_INT_CONVERSION = YES;
				CLANG_WARN_NON_LITERAL_NULL_CONVERSION = YES;
				CLANG_WARN_OBJC_IMPLICIT_RETAIN_SELF = YES;
				CLANG_WARN_OBJC_LITERAL_CONVERSION = YES;
				CLANG_WARN_OBJC_ROOT_CLASS = YES_ERROR;
				CLANG_WARN_RANGE_LOOP_ANALYSIS = YES;
				CLANG_WARN_STRICT_PROTOTYPES = YES;
				CLANG_WARN_SUSPICIOUS_MOVE = YES;
				CLANG_WARN_UNGUARDED_AVAILABILITY = YES_AGGRESSIVE;
				CLANG_WARN_UNREACHABLE_CODE = YES;
				CLANG_WARN__DUPLICATE_METHOD_MATCH = YES;
				CODE_SIGN_IDENTITY = "iPhone Developer";
				COPY_PHASE_STRIP = NO;
				DEBUG_INFORMATION_FORMAT = "dwarf-with-dsym";
				ENABLE_NS_ASSERTIONS = NO;
				ENABLE_STRICT_OBJC_MSGSEND = YES;
				GCC_C_LANGUAGE_STANDARD = gnu11;
				GCC_NO_COMMON_BLOCKS = YES;
				GCC_WARN_64_TO_32_BIT_CONVERSION = YES;
				GCC_WARN_ABOUT_RETURN_TYPE = YES_ERROR;
				GCC_WARN_UNDECLARED_SELECTOR = YES;
				GCC_WARN_UNINITIALIZED_AUTOS = YES_AGGRESSIVE;
				GCC_WARN_UNUSED_FUNCTION = YES;
				GCC_WARN_UNUSED_VARIABLE = YES;
				IPHONEOS_DEPLOYMENT_TARGET = 12.4;
				MTL_ENABLE_DEBUG_INFO = NO;
				MTL_FAST_MATH = YES;
				OTHER_LDFLAGS = "-ObjC";
				SDKROOT = iphoneos;
				SWIFT_COMPILATION_MODE = wholemodule;
				SWIFT_OPTIMIZATION_LEVEL = "-O";
				VALIDATE_PRODUCT = YES;
			};
			name = Release;
		};
		D570D6232333595B00AB308B /* Debug */ = {
			isa = XCBuildConfiguration;
			baseConfigurationReference = AC9EEAF965A7BA4EDC7018A3 /* Pods-QuickFin.debug.xcconfig */;
			buildSettings = {
				ASSETCATALOG_COMPILER_APPICON_NAME = AppIcon;
				CODE_SIGN_ENTITLEMENTS = QuickFin/QuickFin.entitlements;
				CODE_SIGN_IDENTITY = "Apple Development";
				CODE_SIGN_STYLE = Automatic;
				DEVELOPMENT_TEAM = D5GTMK5VKL;
				INFOPLIST_FILE = QuickFin/Info.plist;
				IPHONEOS_DEPLOYMENT_TARGET = 13.0;
				LD_RUNPATH_SEARCH_PATHS = (
					"$(inherited)",
					"@executable_path/Frameworks",
				);
				PRODUCT_BUNDLE_IDENTIFIER = com.fidelity.QuickFin.notifications;
				PRODUCT_NAME = "$(TARGET_NAME)";
				PROVISIONING_PROFILE_SPECIFIER = "";
				SWIFT_VERSION = 5.0;
				TARGETED_DEVICE_FAMILY = "1,2";
			};
			name = Debug;
		};
		D570D6242333595B00AB308B /* Release */ = {
			isa = XCBuildConfiguration;
			baseConfigurationReference = 9C3D98F84E73D2396908D587 /* Pods-QuickFin.release.xcconfig */;
			buildSettings = {
				ASSETCATALOG_COMPILER_APPICON_NAME = AppIcon;
				CODE_SIGN_ENTITLEMENTS = QuickFin/QuickFin.entitlements;
				CODE_SIGN_IDENTITY = "Apple Development";
				CODE_SIGN_STYLE = Automatic;
				DEVELOPMENT_TEAM = D5GTMK5VKL;
				INFOPLIST_FILE = QuickFin/Info.plist;
				IPHONEOS_DEPLOYMENT_TARGET = 13.0;
				LD_RUNPATH_SEARCH_PATHS = (
					"$(inherited)",
					"@executable_path/Frameworks",
				);
				PRODUCT_BUNDLE_IDENTIFIER = com.fidelity.QuickFin.notifications;
				PRODUCT_NAME = "$(TARGET_NAME)";
				PROVISIONING_PROFILE_SPECIFIER = "";
				SWIFT_VERSION = 5.0;
				TARGETED_DEVICE_FAMILY = "1,2";
			};
			name = Release;
		};
		D570D6262333595B00AB308B /* Debug */ = {
			isa = XCBuildConfiguration;
			baseConfigurationReference = AF35D85A5A8EAD301D0E9451 /* Pods-QuickFinTests.debug.xcconfig */;
			buildSettings = {
				ALWAYS_EMBED_SWIFT_STANDARD_LIBRARIES = YES;
				BUNDLE_LOADER = "$(TEST_HOST)";
				CODE_SIGN_STYLE = Automatic;
				DEVELOPMENT_TEAM = D5GTMK5VKL;
				INFOPLIST_FILE = QuickFinTests/Info.plist;
				LD_RUNPATH_SEARCH_PATHS = (
					"$(inherited)",
					"@executable_path/Frameworks",
					"@loader_path/Frameworks",
				);
				PRODUCT_BUNDLE_IDENTIFIER = com.fidelity.QuickFinTests;
				PRODUCT_NAME = "$(TARGET_NAME)";
				SWIFT_VERSION = 5.0;
				TARGETED_DEVICE_FAMILY = "1,2";
				TEST_HOST = "$(BUILT_PRODUCTS_DIR)/QuickFin.app/QuickFin";
			};
			name = Debug;
		};
		D570D6272333595B00AB308B /* Release */ = {
			isa = XCBuildConfiguration;
			baseConfigurationReference = 2FB4870078CC43E1B83CA653 /* Pods-QuickFinTests.release.xcconfig */;
			buildSettings = {
				ALWAYS_EMBED_SWIFT_STANDARD_LIBRARIES = YES;
				BUNDLE_LOADER = "$(TEST_HOST)";
				CODE_SIGN_STYLE = Automatic;
				DEVELOPMENT_TEAM = D5GTMK5VKL;
				INFOPLIST_FILE = QuickFinTests/Info.plist;
				LD_RUNPATH_SEARCH_PATHS = (
					"$(inherited)",
					"@executable_path/Frameworks",
					"@loader_path/Frameworks",
				);
				PRODUCT_BUNDLE_IDENTIFIER = com.fidelity.QuickFinTests;
				PRODUCT_NAME = "$(TARGET_NAME)";
				SWIFT_VERSION = 5.0;
				TARGETED_DEVICE_FAMILY = "1,2";
				TEST_HOST = "$(BUILT_PRODUCTS_DIR)/QuickFin.app/QuickFin";
			};
			name = Release;
		};
		D570D6292333595B00AB308B /* Debug */ = {
			isa = XCBuildConfiguration;
			baseConfigurationReference = 4E0925C2365C465B42E45760 /* Pods-QuickFinUITests.debug.xcconfig */;
			buildSettings = {
				ALWAYS_EMBED_SWIFT_STANDARD_LIBRARIES = YES;
				CODE_SIGN_STYLE = Automatic;
				DEVELOPMENT_TEAM = D5GTMK5VKL;
				INFOPLIST_FILE = QuickFinUITests/Info.plist;
				LD_RUNPATH_SEARCH_PATHS = (
					"$(inherited)",
					"@executable_path/Frameworks",
					"@loader_path/Frameworks",
				);
				PRODUCT_BUNDLE_IDENTIFIER = com.fidelity.QuickFinUITests;
				PRODUCT_NAME = "$(TARGET_NAME)";
				SWIFT_VERSION = 5.0;
				TARGETED_DEVICE_FAMILY = "1,2";
				TEST_TARGET_NAME = QuickFin;
			};
			name = Debug;
		};
		D570D62A2333595B00AB308B /* Release */ = {
			isa = XCBuildConfiguration;
			baseConfigurationReference = EED91460CC1CB78C93E7C382 /* Pods-QuickFinUITests.release.xcconfig */;
			buildSettings = {
				ALWAYS_EMBED_SWIFT_STANDARD_LIBRARIES = YES;
				CODE_SIGN_STYLE = Automatic;
				DEVELOPMENT_TEAM = D5GTMK5VKL;
				INFOPLIST_FILE = QuickFinUITests/Info.plist;
				LD_RUNPATH_SEARCH_PATHS = (
					"$(inherited)",
					"@executable_path/Frameworks",
					"@loader_path/Frameworks",
				);
				PRODUCT_BUNDLE_IDENTIFIER = com.fidelity.QuickFinUITests;
				PRODUCT_NAME = "$(TARGET_NAME)";
				SWIFT_VERSION = 5.0;
				TARGETED_DEVICE_FAMILY = "1,2";
				TEST_TARGET_NAME = QuickFin;
			};
			name = Release;
		};
/* End XCBuildConfiguration section */

/* Begin XCConfigurationList section */
		D570D5F52333595900AB308B /* Build configuration list for PBXProject "QuickFin" */ = {
			isa = XCConfigurationList;
			buildConfigurations = (
				D570D6202333595B00AB308B /* Debug */,
				D570D6212333595B00AB308B /* Release */,
			);
			defaultConfigurationIsVisible = 0;
			defaultConfigurationName = Release;
		};
		D570D6222333595B00AB308B /* Build configuration list for PBXNativeTarget "QuickFin" */ = {
			isa = XCConfigurationList;
			buildConfigurations = (
				D570D6232333595B00AB308B /* Debug */,
				D570D6242333595B00AB308B /* Release */,
			);
			defaultConfigurationIsVisible = 0;
			defaultConfigurationName = Release;
		};
		D570D6252333595B00AB308B /* Build configuration list for PBXNativeTarget "QuickFinTests" */ = {
			isa = XCConfigurationList;
			buildConfigurations = (
				D570D6262333595B00AB308B /* Debug */,
				D570D6272333595B00AB308B /* Release */,
			);
			defaultConfigurationIsVisible = 0;
			defaultConfigurationName = Release;
		};
		D570D6282333595B00AB308B /* Build configuration list for PBXNativeTarget "QuickFinUITests" */ = {
			isa = XCConfigurationList;
			buildConfigurations = (
				D570D6292333595B00AB308B /* Debug */,
				D570D62A2333595B00AB308B /* Release */,
			);
			defaultConfigurationIsVisible = 0;
			defaultConfigurationName = Release;
		};
/* End XCConfigurationList section */
	};
	rootObject = D570D5F22333595900AB308B /* Project object */;
}
